
Microsoft Visual Studio Solution File, Format Version 12.00
# Visual Studio 15
VisualStudioVersion = 15.0.28010.2016
MinimumVisualStudioVersion = 10.0.40219.1
Project("{FAE04EC0-301F-11D3-BF4B-00C04F79EFBC}") = "Model", "Model\Model.csproj", "{E6435909-4671-4E6B-8D87-E8BAAA88C6F5}"
EndProject
Project("{FAE04EC0-301F-11D3-BF4B-00C04F79EFBC}") = "Presentation", "Presentation\Presentation.csproj", "{167E63EC-2A5B-4855-ABBD-43DD02250EFE}"
EndProject
Project("{FAE04EC0-301F-11D3-BF4B-00C04F79EFBC}") = "UI", "UI\UI.csproj", "{A3F3EDED-EDDA-4A89-8AAA-708A8A07C997}"
EndProject
Project("{FAE04EC0-301F-11D3-BF4B-00C04F79EFBC}") = "Tests", "Tests\Tests.csproj", "{FE238688-4C75-44E9-99FA-FE34E0A7DB40}"
EndProject
Global
	GlobalSection(SolutionConfigurationPlatforms) = preSolution
		Debug|Any CPU = Debug|Any CPU
		Release|Any CPU = Release|Any CPU
	EndGlobalSection
	GlobalSection(ProjectConfigurationPlatforms) = postSolution
		{E6435909-4671-4E6B-8D87-E8BAAA88C6F5}.Debug|Any CPU.ActiveCfg = Debug|Any CPU
		{E6435909-4671-4E6B-8D87-E8BAAA88C6F5}.Debug|Any CPU.Build.0 = Debug|Any CPU
		{E6435909-4671-4E6B-8D87-E8BAAA88C6F5}.Release|Any CPU.ActiveCfg = Release|Any CPU
		{E6435909-4671-4E6B-8D87-E8BAAA88C6F5}.Release|Any CPU.Build.0 = Release|Any CPU
		{167E63EC-2A5B-4855-ABBD-43DD02250EFE}.Debug|Any CPU.ActiveCfg = Debug|Any CPU
		{167E63EC-2A5B-4855-ABBD-43DD02250EFE}.Debug|Any CPU.Build.0 = Debug|Any CPU
		{167E63EC-2A5B-4855-ABBD-43DD02250EFE}.Release|Any CPU.ActiveCfg = Release|Any CPU
		{167E63EC-2A5B-4855-ABBD-43DD02250EFE}.Release|Any CPU.Build.0 = Release|Any CPU
		{A3F3EDED-EDDA-4A89-8AAA-708A8A07C997}.Debug|Any CPU.ActiveCfg = Debug|Any CPU
		{A3F3EDED-EDDA-4A89-8AAA-708A8A07C997}.Debug|Any CPU.Build.0 = Debug|Any CPU
		{A3F3EDED-EDDA-4A89-8AAA-708A8A07C997}.Release|Any CPU.ActiveCfg = Release|Any CPU
		{A3F3EDED-EDDA-4A89-8AAA-708A8A07C997}.Release|Any CPU.Build.0 = Release|Any CPU
		{FE238688-4C75-44E9-99FA-FE34E0A7DB40}.Debug|Any CPU.ActiveCfg = Debug|Any CPU
		{FE238688-4C75-44E9-99FA-FE34E0A7DB40}.Debug|Any CPU.Build.0 = Debug|Any CPU
		{FE238688-4C75-44E9-99FA-FE34E0A7DB40}.Release|Any CPU.ActiveCfg = Release|Any CPU
		{FE238688-4C75-44E9-99FA-FE34E0A7DB40}.Release|Any CPU.Build.0 = Release|Any CPU
	EndGlobalSection
	GlobalSection(SolutionProperties) = preSolution
		HideSolutionNode = FALSE
	EndGlobalSection
	GlobalSection(ExtensibilityGlobals) = postSolution
		SolutionGuid = {E3EA85A3-5256-434A-8AEC-0939EA9D717C}
	EndGlobalSection
EndGlobal
